// !$*UTF8*$!
{
	archiveVersion = 1;
	classes = {
	};
	objectVersion = 56;
	objects = {

/* Begin PBXBuildFile section */
		A8AF34032B9A5E4600C168A1 /* Multiple_List_Searches_ComputerApp.swift in Sources */ = {isa = PBXBuildFile; fileRef = A8AF34022B9A5E4600C168A1 /* Multiple_List_Searches_ComputerApp.swift */; };
		A8AF34052B9A5E4600C168A1 /* ContentView.swift in Sources */ = {isa = PBXBuildFile; fileRef = A8AF34042B9A5E4600C168A1 /* ContentView.swift */; };
		A8AF34072B9A5E4A00C168A1 /* Assets.xcassets in Resources */ = {isa = PBXBuildFile; fileRef = A8AF34062B9A5E4A00C168A1 /* Assets.xcassets */; };
		A8AF340B2B9A5E4A00C168A1 /* Preview Assets.xcassets in Resources */ = {isa = PBXBuildFile; fileRef = A8AF340A2B9A5E4A00C168A1 /* Preview Assets.xcassets */; };
		A8AF34152B9A5E4A00C168A1 /* Multiple_List_Searches_ComputerTests.swift in Sources */ = {isa = PBXBuildFile; fileRef = A8AF34142B9A5E4A00C168A1 /* Multiple_List_Searches_ComputerTests.swift */; };
		A8AF341F2B9A5E4A00C168A1 /* Multiple_List_Searches_ComputerUITests.swift in Sources */ = {isa = PBXBuildFile; fileRef = A8AF341E2B9A5E4A00C168A1 /* Multiple_List_Searches_ComputerUITests.swift */; };
		A8AF34212B9A5E4A00C168A1 /* Multiple_List_Searches_ComputerUITestsLaunchTests.swift in Sources */ = {isa = PBXBuildFile; fileRef = A8AF34202B9A5E4A00C168A1 /* Multiple_List_Searches_ComputerUITestsLaunchTests.swift */; };
/* End PBXBuildFile section */

/* Begin PBXContainerItemProxy section */
		A8AF34112B9A5E4A00C168A1 /* PBXContainerItemProxy */ = {
			isa = PBXContainerItemProxy;
			containerPortal = A8AF33F72B9A5E4600C168A1 /* Project object */;
			proxyType = 1;
			remoteGlobalIDString = A8AF33FE2B9A5E4600C168A1;
			remoteInfo = "Multiple List Searches Computer";
		};
		A8AF341B2B9A5E4A00C168A1 /* PBXContainerItemProxy */ = {
			isa = PBXContainerItemProxy;
			containerPortal = A8AF33F72B9A5E4600C168A1 /* Project object */;
			proxyType = 1;
			remoteGlobalIDString = A8AF33FE2B9A5E4600C168A1;
			remoteInfo = "Multiple List Searches Computer";
		};
/* End PBXContainerItemProxy section */

/* Begin PBXFileReference section */
		A8AF33FF2B9A5E4600C168A1 /* Multiple List Searches Computer.app */ = {isa = PBXFileReference; explicitFileType = wrapper.application; includeInIndex = 0; path = "Multiple List Searches Computer.app"; sourceTree = BUILT_PRODUCTS_DIR; };
		A8AF34022B9A5E4600C168A1 /* Multiple_List_Searches_ComputerApp.swift */ = {isa = PBXFileReference; lastKnownFileType = sourcecode.swift; path = Multiple_List_Searches_ComputerApp.swift; sourceTree = "<group>"; };
		A8AF34042B9A5E4600C168A1 /* ContentView.swift */ = {isa = PBXFileReference; lastKnownFileType = sourcecode.swift; path = ContentView.swift; sourceTree = "<group>"; };
		A8AF34062B9A5E4A00C168A1 /* Assets.xcassets */ = {isa = PBXFileReference; lastKnownFileType = folder.assetcatalog; path = Assets.xcassets; sourceTree = "<group>"; };
		A8AF34082B9A5E4A00C168A1 /* Multiple_List_Searches_Computer.entitlements */ = {isa = PBXFileReference; lastKnownFileType = text.plist.entitlements; path = Multiple_List_Searches_Computer.entitlements; sourceTree = "<group>"; };
		A8AF340A2B9A5E4A00C168A1 /* Preview Assets.xcassets */ = {isa = PBXFileReference; lastKnownFileType = folder.assetcatalog; path = "Preview Assets.xcassets"; sourceTree = "<group>"; };
		A8AF34102B9A5E4A00C168A1 /* Multiple List Searches ComputerTests.xctest */ = {isa = PBXFileReference; explicitFileType = wrapper.cfbundle; includeInIndex = 0; path = "Multiple List Searches ComputerTests.xctest"; sourceTree = BUILT_PRODUCTS_DIR; };
		A8AF34142B9A5E4A00C168A1 /* Multiple_List_Searches_ComputerTests.swift */ = {isa = PBXFileReference; lastKnownFileType = sourcecode.swift; path = Multiple_List_Searches_ComputerTests.swift; sourceTree = "<group>"; };
		A8AF341A2B9A5E4A00C168A1 /* Multiple List Searches ComputerUITests.xctest */ = {isa = PBXFileReference; explicitFileType = wrapper.cfbundle; includeInIndex = 0; path = "Multiple List Searches ComputerUITests.xctest"; sourceTree = BUILT_PRODUCTS_DIR; };
		A8AF341E2B9A5E4A00C168A1 /* Multiple_List_Searches_ComputerUITests.swift */ = {isa = PBXFileReference; lastKnownFileType = sourcecode.swift; path = Multiple_List_Searches_ComputerUITests.swift; sourceTree = "<group>"; };
		A8AF34202B9A5E4A00C168A1 /* Multiple_List_Searches_ComputerUITestsLaunchTests.swift */ = {isa = PBXFileReference; lastKnownFileType = sourcecode.swift; path = Multiple_List_Searches_ComputerUITestsLaunchTests.swift; sourceTree = "<group>"; };
/* End PBXFileReference section */

/* Begin PBXFrameworksBuildPhase section */
		A8AF33FC2B9A5E4600C168A1 /* Frameworks */ = {
			isa = PBXFrameworksBuildPhase;
			buildActionMask = 2147483647;
			files = (
			);
			runOnlyForDeploymentPostprocessing = 0;
		};
		A8AF340D2B9A5E4A00C168A1 /* Frameworks */ = {
			isa = PBXFrameworksBuildPhase;
			buildActionMask = 2147483647;
			files = (
			);
			runOnlyForDeploymentPostprocessing = 0;
		};
		A8AF34172B9A5E4A00C168A1 /* Frameworks */ = {
			isa = PBXFrameworksBuildPhase;
			buildActionMask = 2147483647;
			files = (
			);
			runOnlyForDeploymentPostprocessing = 0;
		};
/* End PBXFrameworksBuildPhase section */

/* Begin PBXGroup section */
		A8AF33F62B9A5E4600C168A1 = {
			isa = PBXGroup;
			children = (
				A8AF34012B9A5E4600C168A1 /* Multiple List Searches Computer */,
				A8AF34132B9A5E4A00C168A1 /* Multiple List Searches ComputerTests */,
				A8AF341D2B9A5E4A00C168A1 /* Multiple List Searches ComputerUITests */,
				A8AF34002B9A5E4600C168A1 /* Products */,
			);
			sourceTree = "<group>";
		};
		A8AF34002B9A5E4600C168A1 /* Products */ = {
			isa = PBXGroup;
			children = (
				A8AF33FF2B9A5E4600C168A1 /* Multiple List Searches Computer.app */,
				A8AF34102B9A5E4A00C168A1 /* Multiple List Searches ComputerTests.xctest */,
				A8AF341A2B9A5E4A00C168A1 /* Multiple List Searches ComputerUITests.xctest */,
			);
			name = Products;
			sourceTree = "<group>";
		};
		A8AF34012B9A5E4600C168A1 /* Multiple List Searches Computer */ = {
			isa = PBXGroup;
			children = (
				A8AF34022B9A5E4600C168A1 /* Multiple_List_Searches_ComputerApp.swift */,
				A8AF34042B9A5E4600C168A1 /* ContentView.swift */,
				A8AF34062B9A5E4A00C168A1 /* Assets.xcassets */,
				A8AF34082B9A5E4A00C168A1 /* Multiple_List_Searches_Computer.entitlements */,
				A8AF34092B9A5E4A00C168A1 /* Preview Content */,
			);
			path = "Multiple List Searches Computer";
			sourceTree = "<group>";
		};
		A8AF34092B9A5E4A00C168A1 /* Preview Content */ = {
			isa = PBXGroup;
			children = (
				A8AF340A2B9A5E4A00C168A1 /* Preview Assets.xcassets */,
			);
			path = "Preview Content";
			sourceTree = "<group>";
		};
		A8AF34132B9A5E4A00C168A1 /* Multiple List Searches ComputerTests */ = {
			isa = PBXGroup;
			children = (
				A8AF34142B9A5E4A00C168A1 /* Multiple_List_Searches_ComputerTests.swift */,
			);
			path = "Multiple List Searches ComputerTests";
			sourceTree = "<group>";
		};
		A8AF341D2B9A5E4A00C168A1 /* Multiple List Searches ComputerUITests */ = {
			isa = PBXGroup;
			children = (
				A8AF341E2B9A5E4A00C168A1 /* Multiple_List_Searches_ComputerUITests.swift */,
				A8AF34202B9A5E4A00C168A1 /* Multiple_List_Searches_ComputerUITestsLaunchTests.swift */,
			);
			path = "Multiple List Searches ComputerUITests";
			sourceTree = "<group>";
		};
/* End PBXGroup section */

/* Begin PBXNativeTarget section */
		A8AF33FE2B9A5E4600C168A1 /* Multiple List Searches Computer */ = {
			isa = PBXNativeTarget;
			buildConfigurationList = A8AF34242B9A5E4A00C168A1 /* Build configuration list for PBXNativeTarget "Multiple List Searches Computer" */;
			buildPhases = (
				A8AF33FB2B9A5E4600C168A1 /* Sources */,
				A8AF33FC2B9A5E4600C168A1 /* Frameworks */,
				A8AF33FD2B9A5E4600C168A1 /* Resources */,
			);
			buildRules = (
			);
			dependencies = (
			);
			name = "Multiple List Searches Computer";
			productName = "Multiple List Searches Computer";
			productReference = A8AF33FF2B9A5E4600C168A1 /* Multiple List Searches Computer.app */;
			productType = "com.apple.product-type.application";
		};
		A8AF340F2B9A5E4A00C168A1 /* Multiple List Searches ComputerTests */ = {
			isa = PBXNativeTarget;
			buildConfigurationList = A8AF34272B9A5E4A00C168A1 /* Build configuration list for PBXNativeTarget "Multiple List Searches ComputerTests" */;
			buildPhases = (
				A8AF340C2B9A5E4A00C168A1 /* Sources */,
				A8AF340D2B9A5E4A00C168A1 /* Frameworks */,
				A8AF340E2B9A5E4A00C168A1 /* Resources */,
			);
			buildRules = (
			);
			dependencies = (
				A8AF34122B9A5E4A00C168A1 /* PBXTargetDependency */,
			);
			name = "Multiple List Searches ComputerTests";
			productName = "Multiple List Searches ComputerTests";
			productReference = A8AF34102B9A5E4A00C168A1 /* Multiple List Searches ComputerTests.xctest */;
			productType = "com.apple.product-type.bundle.unit-test";
		};
		A8AF34192B9A5E4A00C168A1 /* Multiple List Searches ComputerUITests */ = {
			isa = PBXNativeTarget;
			buildConfigurationList = A8AF342A2B9A5E4A00C168A1 /* Build configuration list for PBXNativeTarget "Multiple List Searches ComputerUITests" */;
			buildPhases = (
				A8AF34162B9A5E4A00C168A1 /* Sources */,
				A8AF34172B9A5E4A00C168A1 /* Frameworks */,
				A8AF34182B9A5E4A00C168A1 /* Resources */,
			);
			buildRules = (
			);
			dependencies = (
				A8AF341C2B9A5E4A00C168A1 /* PBXTargetDependency */,
			);
			name = "Multiple List Searches ComputerUITests";
			productName = "Multiple List Searches ComputerUITests";
			productReference = A8AF341A2B9A5E4A00C168A1 /* Multiple List Searches ComputerUITests.xctest */;
			productType = "com.apple.product-type.bundle.ui-testing";
		};
/* End PBXNativeTarget section */

/* Begin PBXProject section */
		A8AF33F72B9A5E4600C168A1 /* Project object */ = {
			isa = PBXProject;
			attributes = {
				BuildIndependentTargetsInParallel = 1;
				LastSwiftUpdateCheck = 1530;
				LastUpgradeCheck = 1530;
				TargetAttributes = {
					A8AF33FE2B9A5E4600C168A1 = {
						CreatedOnToolsVersion = 15.3;
					};
					A8AF340F2B9A5E4A00C168A1 = {
						CreatedOnToolsVersion = 15.3;
						TestTargetID = A8AF33FE2B9A5E4600C168A1;
					};
					A8AF34192B9A5E4A00C168A1 = {
						CreatedOnToolsVersion = 15.3;
						TestTargetID = A8AF33FE2B9A5E4600C168A1;
					};
				};
			};
			buildConfigurationList = A8AF33FA2B9A5E4600C168A1 /* Build configuration list for PBXProject "Multiple List" */;
			compatibilityVersion = "Xcode 14.0";
			developmentRegion = en;
			hasScannedForEncodings = 0;
			knownRegions = (
				en,
				Base,
			);
			mainGroup = A8AF33F62B9A5E4600C168A1;
			productRefGroup = A8AF34002B9A5E4600C168A1 /* Products */;
			projectDirPath = "";
			projectRoot = "";
			targets = (
				A8AF33FE2B9A5E4600C168A1 /* Multiple List Searches Computer */,
				A8AF340F2B9A5E4A00C168A1 /* Multiple List Searches ComputerTests */,
				A8AF34192B9A5E4A00C168A1 /* Multiple List Searches ComputerUITests */,
			);
		};
/* End PBXProject section */

/* Begin PBXResourcesBuildPhase section */
		A8AF33FD2B9A5E4600C168A1 /* Resources */ = {
			isa = PBXResourcesBuildPhase;
			buildActionMask = 2147483647;
			files = (
				A8AF340B2B9A5E4A00C168A1 /* Preview Assets.xcassets in Resources */,
				A8AF34072B9A5E4A00C168A1 /* Assets.xcassets in Resources */,
			);
			runOnlyForDeploymentPostprocessing = 0;
		};
		A8AF340E2B9A5E4A00C168A1 /* Resources */ = {
			isa = PBXResourcesBuildPhase;
			buildActionMask = 2147483647;
			files = (
			);
			runOnlyForDeploymentPostprocessing = 0;
		};
		A8AF34182B9A5E4A00C168A1 /* Resources */ = {
			isa = PBXResourcesBuildPhase;
			buildActionMask = 2147483647;
			files = (
			);
			runOnlyForDeploymentPostprocessing = 0;
		};
/* End PBXResourcesBuildPhase section */

/* Begin PBXSourcesBuildPhase section */
		A8AF33FB2B9A5E4600C168A1 /* Sources */ = {
			isa = PBXSourcesBuildPhase;
			buildActionMask = 2147483647;
			files = (
				A8AF34052B9A5E4600C168A1 /* ContentView.swift in Sources */,
				A8AF34032B9A5E4600C168A1 /* Multiple_List_Searches_ComputerApp.swift in Sources */,
			);
			runOnlyForDeploymentPostprocessing = 0;
		};
		A8AF340C2B9A5E4A00C168A1 /* Sources */ = {
			isa = PBXSourcesBuildPhase;
			buildActionMask = 2147483647;
			files = (
				A8AF34152B9A5E4A00C168A1 /* Multiple_List_Searches_ComputerTests.swift in Sources */,
			);
			runOnlyForDeploymentPostprocessing = 0;
		};
		A8AF34162B9A5E4A00C168A1 /* Sources */ = {
			isa = PBXSourcesBuildPhase;
			buildActionMask = 2147483647;
			files = (
				A8AF341F2B9A5E4A00C168A1 /* Multiple_List_Searches_ComputerUITests.swift in Sources */,
				A8AF34212B9A5E4A00C168A1 /* Multiple_List_Searches_ComputerUITestsLaunchTests.swift in Sources */,
			);
			runOnlyForDeploymentPostprocessing = 0;
		};
/* End PBXSourcesBuildPhase section */

/* Begin PBXTargetDependency section */
		A8AF34122B9A5E4A00C168A1 /* PBXTargetDependency */ = {
			isa = PBXTargetDependency;
			target = A8AF33FE2B9A5E4600C168A1 /* Multiple List Searches Computer */;
			targetProxy = A8AF34112B9A5E4A00C168A1 /* PBXContainerItemProxy */;
		};
		A8AF341C2B9A5E4A00C168A1 /* PBXTargetDependency */ = {
			isa = PBXTargetDependency;
			target = A8AF33FE2B9A5E4600C168A1 /* Multiple List Searches Computer */;
			targetProxy = A8AF341B2B9A5E4A00C168A1 /* PBXContainerItemProxy */;
		};
/* End PBXTargetDependency section */

/* Begin XCBuildConfiguration section */
		A8AF34222B9A5E4A00C168A1 /* Debug */ = {
			isa = XCBuildConfiguration;
			buildSettings = {
				ALWAYS_SEARCH_USER_PATHS = NO;
				ASSETCATALOG_COMPILER_GENERATE_SWIFT_ASSET_SYMBOL_EXTENSIONS = YES;
				CLANG_ANALYZER_NONNULL = YES;
				CLANG_ANALYZER_NUMBER_OBJECT_CONVERSION = YES_AGGRESSIVE;
				CLANG_CXX_LANGUAGE_STANDARD = "gnu++20";
				CLANG_ENABLE_MODULES = YES;
				CLANG_ENABLE_OBJC_ARC = YES;
				CLANG_ENABLE_OBJC_WEAK = YES;
				CLANG_WARN_BLOCK_CAPTURE_AUTORELEASING = YES;
				CLANG_WARN_BOOL_CONVERSION = YES;
				CLANG_WARN_COMMA = YES;
				CLANG_WARN_CONSTANT_CONVERSION = YES;
				CLANG_WARN_DEPRECATED_OBJC_IMPLEMENTATIONS = YES;
				CLANG_WARN_DIRECT_OBJC_ISA_USAGE = YES_ERROR;
				CLANG_WARN_DOCUMENTATION_COMMENTS = YES;
				CLANG_WARN_EMPTY_BODY = YES;
				CLANG_WARN_ENUM_CONVERSION = YES;
				CLANG_WARN_INFINITE_RECURSION = YES;
				CLANG_WARN_INT_CONVERSION = YES;
				CLANG_WARN_NON_LITERAL_NULL_CONVERSION = YES;
				CLANG_WARN_OBJC_IMPLICIT_RETAIN_SELF = YES;
				CLANG_WARN_OBJC_LITERAL_CONVERSION = YES;
				CLANG_WARN_OBJC_ROOT_CLASS = YES_ERROR;
				CLANG_WARN_QUOTED_INCLUDE_IN_FRAMEWORK_HEADER = YES;
				CLANG_WARN_RANGE_LOOP_ANALYSIS = YES;
				CLANG_WARN_STRICT_PROTOTYPES = YES;
				CLANG_WARN_SUSPICIOUS_MOVE = YES;
				CLANG_WARN_UNGUARDED_AVAILABILITY = YES_AGGRESSIVE;
				CLANG_WARN_UNREACHABLE_CODE = YES;
				CLANG_WARN__DUPLICATE_METHOD_MATCH = YES;
				COPY_PHASE_STRIP = NO;
				DEBUG_INFORMATION_FORMAT = dwarf;
				ENABLE_STRICT_OBJC_MSGSEND = YES;
				ENABLE_TESTABILITY = YES;
				ENABLE_USER_SCRIPT_SANDBOXING = YES;
				GCC_C_LANGUAGE_STANDARD = gnu17;
				GCC_DYNAMIC_NO_PIC = NO;
				GCC_NO_COMMON_BLOCKS = YES;
				GCC_OPTIMIZATION_LEVEL = 0;
				GCC_PREPROCESSOR_DEFINITIONS = (
					"DEBUG=1",
					"$(inherited)",
				);
				GCC_WARN_64_TO_32_BIT_CONVERSION = YES;
				GCC_WARN_ABOUT_RETURN_TYPE = YES_ERROR;
				GCC_WARN_UNDECLARED_SELECTOR = YES;
				GCC_WARN_UNINITIALIZED_AUTOS = YES_AGGRESSIVE;
				GCC_WARN_UNUSED_FUNCTION = YES;
				GCC_WARN_UNUSED_VARIABLE = YES;
				LOCALIZATION_PREFERS_STRING_CATALOGS = YES;
				MTL_ENABLE_DEBUG_INFO = INCLUDE_SOURCE;
				MTL_FAST_MATH = YES;
				ONLY_ACTIVE_ARCH = YES;
				SWIFT_ACTIVE_COMPILATION_CONDITIONS = "DEBUG $(inherited)";
				SWIFT_OPTIMIZATION_LEVEL = "-Onone";
			};
			name = Debug;
		};
		A8AF34232B9A5E4A00C168A1 /* Release */ = {
			isa = XCBuildConfiguration;
			buildSettings = {
				ALWAYS_SEARCH_USER_PATHS = NO;
				ASSETCATALOG_COMPILER_GENERATE_SWIFT_ASSET_SYMBOL_EXTENSIONS = YES;
				CLANG_ANALYZER_NONNULL = YES;
				CLANG_ANALYZER_NUMBER_OBJECT_CONVERSION = YES_AGGRESSIVE;
				CLANG_CXX_LANGUAGE_STANDARD = "gnu++20";
				CLANG_ENABLE_MODULES = YES;
				CLANG_ENABLE_OBJC_ARC = YES;
				CLANG_ENABLE_OBJC_WEAK = YES;
				CLANG_WARN_BLOCK_CAPTURE_AUTORELEASING = YES;
				CLANG_WARN_BOOL_CONVERSION = YES;
				CLANG_WARN_COMMA = YES;
				CLANG_WARN_CONSTANT_CONVERSION = YES;
				CLANG_WARN_DEPRECATED_OBJC_IMPLEMENTATIONS = YES;
				CLANG_WARN_DIRECT_OBJC_ISA_USAGE = YES_ERROR;
				CLANG_WARN_DOCUMENTATION_COMMENTS = YES;
				CLANG_WARN_EMPTY_BODY = YES;
				CLANG_WARN_ENUM_CONVERSION = YES;
				CLANG_WARN_INFINITE_RECURSION = YES;
				CLANG_WARN_INT_CONVERSION = YES;
				CLANG_WARN_NON_LITERAL_NULL_CONVERSION = YES;
				CLANG_WARN_OBJC_IMPLICIT_RETAIN_SELF = YES;
				CLANG_WARN_OBJC_LITERAL_CONVERSION = YES;
				CLANG_WARN_OBJC_ROOT_CLASS = YES_ERROR;
				CLANG_WARN_QUOTED_INCLUDE_IN_FRAMEWORK_HEADER = YES;
				CLANG_WARN_RANGE_LOOP_ANALYSIS = YES;
				CLANG_WARN_STRICT_PROTOTYPES = YES;
				CLANG_WARN_SUSPICIOUS_MOVE = YES;
				CLANG_WARN_UNGUARDED_AVAILABILITY = YES_AGGRESSIVE;
				CLANG_WARN_UNREACHABLE_CODE = YES;
				CLANG_WARN__DUPLICATE_METHOD_MATCH = YES;
				COPY_PHASE_STRIP = NO;
				DEBUG_INFORMATION_FORMAT = "dwarf-with-dsym";
				ENABLE_NS_ASSERTIONS = NO;
				ENABLE_STRICT_OBJC_MSGSEND = YES;
				ENABLE_USER_SCRIPT_SANDBOXING = YES;
				GCC_C_LANGUAGE_STANDARD = gnu17;
				GCC_NO_COMMON_BLOCKS = YES;
				GCC_WARN_64_TO_32_BIT_CONVERSION = YES;
				GCC_WARN_ABOUT_RETURN_TYPE = YES_ERROR;
				GCC_WARN_UNDECLARED_SELECTOR = YES;
				GCC_WARN_UNINITIALIZED_AUTOS = YES_AGGRESSIVE;
				GCC_WARN_UNUSED_FUNCTION = YES;
				GCC_WARN_UNUSED_VARIABLE = YES;
				LOCALIZATION_PREFERS_STRING_CATALOGS = YES;
				MTL_ENABLE_DEBUG_INFO = NO;
				MTL_FAST_MATH = YES;
				SWIFT_COMPILATION_MODE = wholemodule;
			};
			name = Release;
		};
		A8AF34252B9A5E4A00C168A1 /* Debug */ = {
			isa = XCBuildConfiguration;
			buildSettings = {
				ASSETCATALOG_COMPILER_APPICON_NAME = AppIcon;
				ASSETCATALOG_COMPILER_GLOBAL_ACCENT_COLOR_NAME = AccentColor;
				CODE_SIGN_ENTITLEMENTS = "Multiple List Searches Computer/Multiple_List_Searches_Computer.entitlements";
				CODE_SIGN_STYLE = Automatic;
				CURRENT_PROJECT_VERSION = 1;
				DEVELOPMENT_ASSET_PATHS = "\"Multiple List Searches Computer/Preview Content\"";
				DEVELOPMENT_TEAM = T8LP25947P;
				ENABLE_HARDENED_RUNTIME = YES;
				ENABLE_PREVIEWS = YES;
				GENERATE_INFOPLIST_FILE = YES;
				"INFOPLIST_KEY_UIApplicationSceneManifest_Generation[sdk=iphoneos*]" = YES;
				"INFOPLIST_KEY_UIApplicationSceneManifest_Generation[sdk=iphonesimulator*]" = YES;
				"INFOPLIST_KEY_UIApplicationSupportsIndirectInputEvents[sdk=iphoneos*]" = YES;
				"INFOPLIST_KEY_UIApplicationSupportsIndirectInputEvents[sdk=iphonesimulator*]" = YES;
				"INFOPLIST_KEY_UILaunchScreen_Generation[sdk=iphoneos*]" = YES;
				"INFOPLIST_KEY_UILaunchScreen_Generation[sdk=iphonesimulator*]" = YES;
				"INFOPLIST_KEY_UIStatusBarStyle[sdk=iphoneos*]" = UIStatusBarStyleDefault;
				"INFOPLIST_KEY_UIStatusBarStyle[sdk=iphonesimulator*]" = UIStatusBarStyleDefault;
				INFOPLIST_KEY_UISupportedInterfaceOrientations_iPad = "UIInterfaceOrientationPortrait UIInterfaceOrientationPortraitUpsideDown UIInterfaceOrientationLandscapeLeft UIInterfaceOrientationLandscapeRight";
				INFOPLIST_KEY_UISupportedInterfaceOrientations_iPhone = "UIInterfaceOrientationPortrait UIInterfaceOrientationLandscapeLeft UIInterfaceOrientationLandscapeRight";
				IPHONEOS_DEPLOYMENT_TARGET = 17.4;
				LD_RUNPATH_SEARCH_PATHS = "@executable_path/Frameworks";
				"LD_RUNPATH_SEARCH_PATHS[sdk=macosx*]" = "@executable_path/../Frameworks";
				MACOSX_DEPLOYMENT_TARGET = 14.0;
				MARKETING_VERSION = 1.0;
				PRODUCT_BUNDLE_IDENTIFIER = "com.volesoft.Multiple-List-Searches-Computer";
				PRODUCT_NAME = "$(TARGET_NAME)";
				SDKROOT = auto;
				SUPPORTED_PLATFORMS = "iphoneos iphonesimulator macosx";
				SWIFT_EMIT_LOC_STRINGS = YES;
				SWIFT_VERSION = 5.0;
				TARGETED_DEVICE_FAMILY = "1,2";
			};
			name = Debug;
		};
		A8AF34262B9A5E4A00C168A1 /* Release */ = {
			isa = XCBuildConfiguration;
			buildSettings = {
				ASSETCATALOG_COMPILER_APPICON_NAME = AppIcon;
				ASSETCATALOG_COMPILER_GLOBAL_ACCENT_COLOR_NAME = AccentColor;
				CODE_SIGN_ENTITLEMENTS = "Multiple List Searches Computer/Multiple_List_Searches_Computer.entitlements";
				CODE_SIGN_STYLE = Automatic;
				CURRENT_PROJECT_VERSION = 1;
				DEVELOPMENT_ASSET_PATHS = "\"Multiple List Searches Computer/Preview Content\"";
				DEVELOPMENT_TEAM = T8LP25947P;
				ENABLE_HARDENED_RUNTIME = YES;
				ENABLE_PREVIEWS = YES;
				GENERATE_INFOPLIST_FILE = YES;
				"INFOPLIST_KEY_UIApplicationSceneManifest_Generation[sdk=iphoneos*]" = YES;
				"INFOPLIST_KEY_UIApplicationSceneManifest_Generation[sdk=iphonesimulator*]" = YES;
				"INFOPLIST_KEY_UIApplicationSupportsIndirectInputEvents[sdk=iphoneos*]" = YES;
				"INFOPLIST_KEY_UIApplicationSupportsIndirectInputEvents[sdk=iphonesimulator*]" = YES;
				"INFOPLIST_KEY_UILaunchScreen_Generation[sdk=iphoneos*]" = YES;
				"INFOPLIST_KEY_UILaunchScreen_Generation[sdk=iphonesimulator*]" = YES;
				"INFOPLIST_KEY_UIStatusBarStyle[sdk=iphoneos*]" = UIStatusBarStyleDefault;
				"INFOPLIST_KEY_UIStatusBarStyle[sdk=iphonesimulator*]" = UIStatusBarStyleDefault;
				INFOPLIST_KEY_UISupportedInterfaceOrientations_iPad = "UIInterfaceOrientationPortrait UIInterfaceOrientationPortraitUpsideDown UIInterfaceOrientationLandscapeLeft UIInterfaceOrientationLandscapeRight";
				INFOPLIST_KEY_UISupportedInterfaceOrientations_iPhone = "UIInterfaceOrientationPortrait UIInterfaceOrientationLandscapeLeft UIInterfaceOrientationLandscapeRight";
				IPHONEOS_DEPLOYMENT_TARGET = 17.4;
				LD_RUNPATH_SEARCH_PATHS = "@executable_path/Frameworks";
				"LD_RUNPATH_SEARCH_PATHS[sdk=macosx*]" = "@executable_path/../Frameworks";
				MACOSX_DEPLOYMENT_TARGET = 14.0;
				MARKETING_VERSION = 1.0;
				PRODUCT_BUNDLE_IDENTIFIER = "com.volesoft.Multiple-List-Searches-Computer";
				PRODUCT_NAME = "$(TARGET_NAME)";
				SDKROOT = auto;
				SUPPORTED_PLATFORMS = "iphoneos iphonesimulator macosx";
				SWIFT_EMIT_LOC_STRINGS = YES;
				SWIFT_VERSION = 5.0;
				TARGETED_DEVICE_FAMILY = "1,2";
			};
			name = Release;
		};
		A8AF34282B9A5E4A00C168A1 /* Debug */ = {
			isa = XCBuildConfiguration;
			buildSettings = {
				ALWAYS_EMBED_SWIFT_STANDARD_LIBRARIES = YES;
				BUNDLE_LOADER = "$(TEST_HOST)";
				CODE_SIGN_STYLE = Automatic;
				CURRENT_PROJECT_VERSION = 1;
				DEVELOPMENT_TEAM = T8LP25947P;
				GENERATE_INFOPLIST_FILE = YES;
				IPHONEOS_DEPLOYMENT_TARGET = 17.4;
				MACOSX_DEPLOYMENT_TARGET = 14.3;
				MARKETING_VERSION = 1.0;
				PRODUCT_BUNDLE_IDENTIFIER = "com.volesoft.Multiple-List-Searches-ComputerTests";
				PRODUCT_NAME = "$(TARGET_NAME)";
				SDKROOT = auto;
				SUPPORTED_PLATFORMS = "iphoneos iphonesimulator macosx";
				SWIFT_EMIT_LOC_STRINGS = NO;
				SWIFT_VERSION = 5.0;
				TARGETED_DEVICE_FAMILY = "1,2";
				TEST_HOST = "$(BUILT_PRODUCTS_DIR)/Multiple List Searches Computer.app/$(BUNDLE_EXECUTABLE_FOLDER_PATH)/Multiple List Searches Computer";
			};
			name = Debug;
		};
		A8AF34292B9A5E4A00C168A1 /* Release */ = {
			isa = XCBuildConfiguration;
			buildSettings = {
				ALWAYS_EMBED_SWIFT_STANDARD_LIBRARIES = YES;
				BUNDLE_LOADER = "$(TEST_HOST)";
				CODE_SIGN_STYLE = Automatic;
				CURRENT_PROJECT_VERSION = 1;
				DEVELOPMENT_TEAM = T8LP25947P;
				GENERATE_INFOPLIST_FILE = YES;
				IPHONEOS_DEPLOYMENT_TARGET = 17.4;
				MACOSX_DEPLOYMENT_TARGET = 14.3;
				MARKETING_VERSION = 1.0;
				PRODUCT_BUNDLE_IDENTIFIER = "com.volesoft.Multiple-List-Searches-ComputerTests";
				PRODUCT_NAME = "$(TARGET_NAME)";
				SDKROOT = auto;
				SUPPORTED_PLATFORMS = "iphoneos iphonesimulator macosx";
				SWIFT_EMIT_LOC_STRINGS = NO;
				SWIFT_VERSION = 5.0;
				TARGETED_DEVICE_FAMILY = "1,2";
				TEST_HOST = "$(BUILT_PRODUCTS_DIR)/Multiple List Searches Computer.app/$(BUNDLE_EXECUTABLE_FOLDER_PATH)/Multiple List Searches Computer";
			};
			name = Release;
		};
		A8AF342B2B9A5E4A00C168A1 /* Debug */ = {
			isa = XCBuildConfiguration;
			buildSettings = {
				ALWAYS_EMBED_SWIFT_STANDARD_LIBRARIES = YES;
				CODE_SIGN_STYLE = Automatic;
				CURRENT_PROJECT_VERSION = 1;
				DEVELOPMENT_TEAM = T8LP25947P;
				GENERATE_INFOPLIST_FILE = YES;
				IPHONEOS_DEPLOYMENT_TARGET = 17.4;
				MACOSX_DEPLOYMENT_TARGET = 14.3;
				MARKETING_VERSION = 1.0;
				PRODUCT_BUNDLE_IDENTIFIER = "com.volesoft.Multiple-List-Searches-ComputerUITests";
				PRODUCT_NAME = "$(TARGET_NAME)";
				SDKROOT = auto;
				SUPPORTED_PLATFORMS = "iphoneos iphonesimulator macosx";
				SWIFT_EMIT_LOC_STRINGS = NO;
				SWIFT_VERSION = 5.0;
				TARGETED_DEVICE_FAMILY = "1,2";
				TEST_TARGET_NAME = "Multiple List Searches Computer";
			};
			name = Debug;
		};
		A8AF342C2B9A5E4A00C168A1 /* Release */ = {
			isa = XCBuildConfiguration;
			buildSettings = {
				ALWAYS_EMBED_SWIFT_STANDARD_LIBRARIES = YES;
				CODE_SIGN_STYLE = Automatic;
				CURRENT_PROJECT_VERSION = 1;
				DEVELOPMENT_TEAM = T8LP25947P;
				GENERATE_INFOPLIST_FILE = YES;
				IPHONEOS_DEPLOYMENT_TARGET = 17.4;
				MACOSX_DEPLOYMENT_TARGET = 14.3;
				MARKETING_VERSION = 1.0;
				PRODUCT_BUNDLE_IDENTIFIER = "com.volesoft.Multiple-List-Searches-ComputerUITests";
				PRODUCT_NAME = "$(TARGET_NAME)";
				SDKROOT = auto;
				SUPPORTED_PLATFORMS = "iphoneos iphonesimulator macosx";
				SWIFT_EMIT_LOC_STRINGS = NO;
				SWIFT_VERSION = 5.0;
				TARGETED_DEVICE_FAMILY = "1,2";
				TEST_TARGET_NAME = "Multiple List Searches Computer";
			};
			name = Release;
		};
/* End XCBuildConfiguration section */

/* Begin XCConfigurationList section */
		A8AF33FA2B9A5E4600C168A1 /* Build configuration list for PBXProject "Multiple List" */ = {
			isa = XCConfigurationList;
			buildConfigurations = (
				A8AF34222B9A5E4A00C168A1 /* Debug */,
				A8AF34232B9A5E4A00C168A1 /* Release */,
			);
			defaultConfigurationIsVisible = 0;
			defaultConfigurationName = Release;
		};
		A8AF34242B9A5E4A00C168A1 /* Build configuration list for PBXNativeTarget "Multiple List Searches Computer" */ = {
			isa = XCConfigurationList;
			buildConfigurations = (
				A8AF34252B9A5E4A00C168A1 /* Debug */,
				A8AF34262B9A5E4A00C168A1 /* Release */,
			);
			defaultConfigurationIsVisible = 0;
			defaultConfigurationName = Release;
		};
		A8AF34272B9A5E4A00C168A1 /* Build configuration list for PBXNativeTarget "Multiple List Searches ComputerTests" */ = {
			isa = XCConfigurationList;
			buildConfigurations = (
				A8AF34282B9A5E4A00C168A1 /* Debug */,
				A8AF34292B9A5E4A00C168A1 /* Release */,
			);
			defaultConfigurationIsVisible = 0;
			defaultConfigurationName = Release;
		};
		A8AF342A2B9A5E4A00C168A1 /* Build configuration list for PBXNativeTarget "Multiple List Searches ComputerUITests" */ = {
			isa = XCConfigurationList;
			buildConfigurations = (
				A8AF342B2B9A5E4A00C168A1 /* Debug */,
				A8AF342C2B9A5E4A00C168A1 /* Release */,
			);
			defaultConfigurationIsVisible = 0;
			defaultConfigurationName = Release;
		};
/* End XCConfigurationList section */
	};
	rootObject = A8AF33F72B9A5E4600C168A1 /* Project object */;
}
